dependencies:
  espressif/idf_swift:
    component_hash: 149ed85949152cc07de65d8247307e84d727736d9f7d77a4b4d8a3301a6edcc7
    dependencies:
    - name: idf
      require: private
      version: '>=5.4'
    source:
      registry_url: https://components.espressif.com/
      type: service
    version: 1.0.1
  idf:
    source:
      type: idf
    version: 5.4.0
direct_dependencies:
- espressif/idf_swift
manifest_hash: 0361210c3e67b4788e9bf8633def2c5c698e17ce3b72576c5f79e7ab165cb678
target: esp32c6
version: 2.0.0
